// !$*UTF8*$!
{
	archiveVersion = 1;
	classes = {
	};
	objectVersion = 48;
	objects = {

/* Begin PBXBuildFile section */
		1A1C331E1FB9477100BFC66A /* SwipeToDismissKeyboardViewController.m in Sources */ = {isa = PBXBuildFile; fileRef = 1A1C331D1FB9477100BFC66A /* SwipeToDismissKeyboardViewController.m */; };
		1A4269451FB6FB1C00C2B1C2 /* MotionCameraViewController.m in Sources */ = {isa = PBXBuildFile; fileRef = 1A4269441FB6FB1C00C2B1C2 /* MotionCameraViewController.m */; };
		1A42694B1FB6FCE600C2B1C2 /* MYCameraPreviewLayer.m in Sources */ = {isa = PBXBuildFile; fileRef = 1A42694A1FB6FCE600C2B1C2 /* MYCameraPreviewLayer.m */; };
		1A44AC911FB6E3D100B5DAC6 /* MyJSInjectionDemoViewController.m in Sources */ = {isa = PBXBuildFile; fileRef = 1A44AC761FB6E3D100B5DAC6 /* MyJSInjectionDemoViewController.m */; };
		1A44AC921FB6E3D100B5DAC6 /* MyJSHrefDemoViewController.m in Sources */ = {isa = PBXBuildFile; fileRef = 1A44AC771FB6E3D100B5DAC6 /* MyJSHrefDemoViewController.m */; };
		1A44AC931FB6E3D100B5DAC6 /* MyDynamicScriptDemoViewController.m in Sources */ = {isa = PBXBuildFile; fileRef = 1A44AC781FB6E3D100B5DAC6 /* MyDynamicScriptDemoViewController.m */; };
		1A44AC941FB6E3D100B5DAC6 /* MyWebBaseViewController.m in Sources */ = {isa = PBXBuildFile; fileRef = 1A44AC811FB6E3D100B5DAC6 /* MyWebBaseViewController.m */; };
		1A44AC951FB6E3D100B5DAC6 /* MyJSInjectionTimeDemoViewController.m in Sources */ = {isa = PBXBuildFile; fileRef = 1A44AC821FB6E3D100B5DAC6 /* MyJSInjectionTimeDemoViewController.m */; };
		1A44AC961FB6E3D100B5DAC6 /* MyJSFunctionDemoViewController.m in Sources */ = {isa = PBXBuildFile; fileRef = 1A44AC831FB6E3D100B5DAC6 /* MyJSFunctionDemoViewController.m */; };
		1A44AC971FB6E3D100B5DAC6 /* MyJSMessageDemoViewController.m in Sources */ = {isa = PBXBuildFile; fileRef = 1A44AC841FB6E3D100B5DAC6 /* MyJSMessageDemoViewController.m */; };
		1A44AC9A1FB6E3D100B5DAC6 /* WKUserScript+ScriptURL.m in Sources */ = {isa = PBXBuildFile; fileRef = 1A44AC8B1FB6E3D100B5DAC6 /* WKUserScript+ScriptURL.m */; };
		1A44AC9B1FB6E3D100B5DAC6 /* js_function_demo.js in Resources */ = {isa = PBXBuildFile; fileRef = 1A44AC8D1FB6E3D100B5DAC6 /* js_function_demo.js */; };
		1A44AC9C1FB6E3D100B5DAC6 /* js_href_demo.js in Resources */ = {isa = PBXBuildFile; fileRef = 1A44AC8E1FB6E3D100B5DAC6 /* js_href_demo.js */; };
		1A44AC9D1FB6E3D100B5DAC6 /* js_message_demo.js in Resources */ = {isa = PBXBuildFile; fileRef = 1A44AC8F1FB6E3D100B5DAC6 /* js_message_demo.js */; };
		1A44AC9E1FB6E3D100B5DAC6 /* js_injection_demo.js in Resources */ = {isa = PBXBuildFile; fileRef = 1A44AC901FB6E3D100B5DAC6 /* js_injection_demo.js */; };
		1A44ACA11FB6E41E00B5DAC6 /* WebAndScriptViewController.m in Sources */ = {isa = PBXBuildFile; fileRef = 1A44ACA01FB6E41E00B5DAC6 /* WebAndScriptViewController.m */; };
		1A44ACA41FB6E49700B5DAC6 /* WebDemoItem.m in Sources */ = {isa = PBXBuildFile; fileRef = 1A44ACA31FB6E49700B5DAC6 /* WebDemoItem.m */; };
		1A4F9FFA1FC674F6001C5EDB /* MYSearchContainer.m in Sources */ = {isa = PBXBuildFile; fileRef = 1A4F9FD91FC674F6001C5EDB /* MYSearchContainer.m */; };
		1A4F9FFB1FC674F6001C5EDB /* MYSearchViewController.m in Sources */ = {isa = PBXBuildFile; fileRef = 1A4F9FDB1FC674F6001C5EDB /* MYSearchViewController.m */; };
		1A4F9FFC1FC674F6001C5EDB /* MYMusicDetailViewController.m in Sources */ = {isa = PBXBuildFile; fileRef = 1A4F9FDE1FC674F6001C5EDB /* MYMusicDetailViewController.m */; };
		1A4F9FFD1FC674F6001C5EDB /* MYArtworkCardView.m in Sources */ = {isa = PBXBuildFile; fileRef = 1A4F9FDF1FC674F6001C5EDB /* MYArtworkCardView.m */; };
		1A4F9FFE1FC674F6001C5EDB /* MYMusicBar.m in Sources */ = {isa = PBXBuildFile; fileRef = 1A4F9FE51FC674F6001C5EDB /* MYMusicBar.m */; };
		1A4F9FFF1FC674F6001C5EDB /* MusicSearchListViewController+Navigation.m in Sources */ = {isa = PBXBuildFile; fileRef = 1A4F9FE71FC674F6001C5EDB /* MusicSearchListViewController+Navigation.m */; };
		1A4FA0001FC674F6001C5EDB /* MusicSearchListViewController.m in Sources */ = {isa = PBXBuildFile; fileRef = 1A4F9FE81FC674F6001C5EDB /* MusicSearchListViewController.m */; };
		1A4FA0011FC674F6001C5EDB /* search_results.txt in Resources */ = {isa = PBXBuildFile; fileRef = 1A4F9FE91FC674F6001C5EDB /* search_results.txt */; };
		1A4FA0021FC674F6001C5EDB /* MYTableCellMapper.m in Sources */ = {isa = PBXBuildFile; fileRef = 1A4F9FEA1FC674F6001C5EDB /* MYTableCellMapper.m */; };
		1A4FA0031FC674F6001C5EDB /* MusicSearchListViewController+Transition.m in Sources */ = {isa = PBXBuildFile; fileRef = 1A4F9FEB1FC674F6001C5EDB /* MusicSearchListViewController+Transition.m */; };
		1A4FA0041FC674F6001C5EDB /* MYSearchTableViewComponents.m in Sources */ = {isa = PBXBuildFile; fileRef = 1A4F9FEE1FC674F6001C5EDB /* MYSearchTableViewComponents.m */; };
		1A4FA0051FC674F6001C5EDB /* MYSearchHeader.m in Sources */ = {isa = PBXBuildFile; fileRef = 1A4F9FF01FC674F6001C5EDB /* MYSearchHeader.m */; };
		1A4FA0061FC674F6001C5EDB /* MYSearchBar.m in Sources */ = {isa = PBXBuildFile; fileRef = 1A4F9FF41FC674F6001C5EDB /* MYSearchBar.m */; };
		1A4FA0071FC674F6001C5EDB /* MYMusicDetailTransitionAnimator.m in Sources */ = {isa = PBXBuildFile; fileRef = 1A4F9FF61FC674F6001C5EDB /* MYMusicDetailTransitionAnimator.m */; };
		1A4FA0081FC674F6001C5EDB /* MYSearchBarTransitionAnimator.m in Sources */ = {isa = PBXBuildFile; fileRef = 1A4F9FF91FC674F6001C5EDB /* MYSearchBarTransitionAnimator.m */; };
		1A7CD8DB1FADB394002F3DB3 /* AppDelegate.m in Sources */ = {isa = PBXBuildFile; fileRef = 1A7CD8DA1FADB394002F3DB3 /* AppDelegate.m */; };
		1A7CD8DE1FADB394002F3DB3 /* ViewController.m in Sources */ = {isa = PBXBuildFile; fileRef = 1A7CD8DD1FADB394002F3DB3 /* ViewController.m */; };
		1A7CD8E31FADB394002F3DB3 /* Assets.xcassets in Resources */ = {isa = PBXBuildFile; fileRef = 1A7CD8E21FADB394002F3DB3 /* Assets.xcassets */; };
		1A7CD8E61FADB394002F3DB3 /* LaunchScreen.storyboard in Resources */ = {isa = PBXBuildFile; fileRef = 1A7CD8E41FADB394002F3DB3 /* LaunchScreen.storyboard */; };
		1A7CD8E91FADB394002F3DB3 /* main.m in Sources */ = {isa = PBXBuildFile; fileRef = 1A7CD8E81FADB394002F3DB3 /* main.m */; };
		1A7CD8F31FADB394002F3DB3 /* MyLittleCraftTests.m in Sources */ = {isa = PBXBuildFile; fileRef = 1A7CD8F21FADB394002F3DB3 /* MyLittleCraftTests.m */; };
		1A7CD8FE1FADB394002F3DB3 /* MyLittleCraftUITests.m in Sources */ = {isa = PBXBuildFile; fileRef = 1A7CD8FD1FADB394002F3DB3 /* MyLittleCraftUITests.m */; };
		1A7CD90E1FADB3D3002F3DB3 /* BelowHeaderRefreshingViewController.m in Sources */ = {isa = PBXBuildFile; fileRef = 1A7CD90D1FADB3D3002F3DB3 /* BelowHeaderRefreshingViewController.m */; };
		1A7CD9101FADB803002F3DB3 /* README.md in Resources */ = {isa = PBXBuildFile; fileRef = 1A7CD90F1FADB803002F3DB3 /* README.md */; };
		1AB782EB1FB33D08005F915E /* MultiTouchBoxViewController.m in Sources */ = {isa = PBXBuildFile; fileRef = 1AB782EA1FB33D08005F915E /* MultiTouchBoxViewController.m */; };
		1AB782EE1FB33DCA005F915E /* MYBoxView.m in Sources */ = {isa = PBXBuildFile; fileRef = 1AB782ED1FB33DCA005F915E /* MYBoxView.m */; };
		1AD5A7411FB81F5F004CCFEB /* MotionCameraExt.m in Sources */ = {isa = PBXBuildFile; fileRef = 1AD5A7401FB81F5F004CCFEB /* MotionCameraExt.m */; };
		1AE086A51FB54E12005ACF58 /* MYBoxExt.m in Sources */ = {isa = PBXBuildFile; fileRef = 1AE086A41FB54E12005ACF58 /* MYBoxExt.m */; };
		1AE0A5531FC13E3900A961E2 /* UIColor+Random.m in Sources */ = {isa = PBXBuildFile; fileRef = 1AE0A5521FC13E3900A961E2 /* UIColor+Random.m */; };
		1AE0A5591FC1681A00A961E2 /* UIImage+Draw.m in Sources */ = {isa = PBXBuildFile; fileRef = 1AE0A5581FC1681A00A961E2 /* UIImage+Draw.m */; };
		1AE0A55C1FC171EA00A961E2 /* MYTintLabel.m in Sources */ = {isa = PBXBuildFile; fileRef = 1AE0A55B1FC171EA00A961E2 /* MYTintLabel.m */; };
		1AEC868E1FBE991500887777 /* MYNavigationController.m in Sources */ = {isa = PBXBuildFile; fileRef = 1AEC868D1FBE991400887777 /* MYNavigationController.m */; };
		1AEC86941FBE9A5E00887777 /* MYFullScreenPanGestureRecognizer.m in Sources */ = {isa = PBXBuildFile; fileRef = 1AEC86931FBE9A5E00887777 /* MYFullScreenPanGestureRecognizer.m */; };
		1AEC86971FBE9C6200887777 /* UITouch+MYLocation.m in Sources */ = {isa = PBXBuildFile; fileRef = 1AEC86961FBE9C6200887777 /* UITouch+MYLocation.m */; };
		1AEC869C1FBE9D1A00887777 /* UIView+Pin.m in Sources */ = {isa = PBXBuildFile; fileRef = 1AEC86991FBE9D1A00887777 /* UIView+Pin.m */; };
		1AEC869D1FBE9D1A00887777 /* UIViewController+ShowAlert.m in Sources */ = {isa = PBXBuildFile; fileRef = 1AEC869A1FBE9D1A00887777 /* UIViewController+ShowAlert.m */; };
		439201AF65F1BE1B9101A858 /* Pods_MyLittleCraft.framework in Frameworks */ = {isa = PBXBuildFile; fileRef = 1C7C7788819C07E13FC06325 /* Pods_MyLittleCraft.framework */; };
/* End PBXBuildFile section */

/* Begin PBXContainerItemProxy section */
		1A7CD8EF1FADB394002F3DB3 /* PBXContainerItemProxy */ = {
			isa = PBXContainerItemProxy;
			containerPortal = 1A7CD8CE1FADB394002F3DB3 /* Project object */;
			proxyType = 1;
			remoteGlobalIDString = 1A7CD8D51FADB394002F3DB3;
			remoteInfo = MyLittleCraft;
		};
		1A7CD8FA1FADB394002F3DB3 /* PBXContainerItemProxy */ = {
			isa = PBXContainerItemProxy;
			containerPortal = 1A7CD8CE1FADB394002F3DB3 /* Project object */;
			proxyType = 1;
			remoteGlobalIDString = 1A7CD8D51FADB394002F3DB3;
			remoteInfo = MyLittleCraft;
		};
/* End PBXContainerItemProxy section */

/* Begin PBXFileReference section */
		1A1C331C1FB9477100BFC66A /* SwipeToDismissKeyboardViewController.h */ = {isa = PBXFileReference; lastKnownFileType = sourcecode.c.h; path = SwipeToDismissKeyboardViewController.h; sourceTree = "<group>"; };
		1A1C331D1FB9477100BFC66A /* SwipeToDismissKeyboardViewController.m */ = {isa = PBXFileReference; lastKnownFileType = sourcecode.c.objc; path = SwipeToDismissKeyboardViewController.m; sourceTree = "<group>"; };
		1A4269431FB6FB1C00C2B1C2 /* MotionCameraViewController.h */ = {isa = PBXFileReference; lastKnownFileType = sourcecode.c.h; path = MotionCameraViewController.h; sourceTree = "<group>"; };
		1A4269441FB6FB1C00C2B1C2 /* MotionCameraViewController.m */ = {isa = PBXFileReference; lastKnownFileType = sourcecode.c.objc; path = MotionCameraViewController.m; sourceTree = "<group>"; };
		1A4269491FB6FCE600C2B1C2 /* MYCameraPreviewLayer.h */ = {isa = PBXFileReference; lastKnownFileType = sourcecode.c.h; path = MYCameraPreviewLayer.h; sourceTree = "<group>"; };
		1A42694A1FB6FCE600C2B1C2 /* MYCameraPreviewLayer.m */ = {isa = PBXFileReference; lastKnownFileType = sourcecode.c.objc; path = MYCameraPreviewLayer.m; sourceTree = "<group>"; };
		1A44AC761FB6E3D100B5DAC6 /* MyJSInjectionDemoViewController.m */ = {isa = PBXFileReference; fileEncoding = 4; lastKnownFileType = sourcecode.c.objc; path = MyJSInjectionDemoViewController.m; sourceTree = "<group>"; };
		1A44AC771FB6E3D100B5DAC6 /* MyJSHrefDemoViewController.m */ = {isa = PBXFileReference; fileEncoding = 4; lastKnownFileType = sourcecode.c.objc; path = MyJSHrefDemoViewController.m; sourceTree = "<group>"; };
		1A44AC781FB6E3D100B5DAC6 /* MyDynamicScriptDemoViewController.m */ = {isa = PBXFileReference; fileEncoding = 4; lastKnownFileType = sourcecode.c.objc; path = MyDynamicScriptDemoViewController.m; sourceTree = "<group>"; };
		1A44AC791FB6E3D100B5DAC6 /* MyJSInjectionTimeDemoViewController.h */ = {isa = PBXFileReference; fileEncoding = 4; lastKnownFileType = sourcecode.c.h; path = MyJSInjectionTimeDemoViewController.h; sourceTree = "<group>"; };
		1A44AC7A1FB6E3D100B5DAC6 /* MyWebBaseViewController.h */ = {isa = PBXFileReference; fileEncoding = 4; lastKnownFileType = sourcecode.c.h; path = MyWebBaseViewController.h; sourceTree = "<group>"; };
		1A44AC7B1FB6E3D100B5DAC6 /* WebViewControllerProtocol.h */ = {isa = PBXFileReference; fileEncoding = 4; lastKnownFileType = sourcecode.c.h; path = WebViewControllerProtocol.h; sourceTree = "<group>"; };
		1A44AC7C1FB6E3D100B5DAC6 /* MyJSMessageDemoViewController.h */ = {isa = PBXFileReference; fileEncoding = 4; lastKnownFileType = sourcecode.c.h; path = MyJSMessageDemoViewController.h; sourceTree = "<group>"; };
		1A44AC7D1FB6E3D100B5DAC6 /* MyJSFunctionDemoViewController.h */ = {isa = PBXFileReference; fileEncoding = 4; lastKnownFileType = sourcecode.c.h; path = MyJSFunctionDemoViewController.h; sourceTree = "<group>"; };
		1A44AC7E1FB6E3D100B5DAC6 /* MyJSHrefDemoViewController.h */ = {isa = PBXFileReference; fileEncoding = 4; lastKnownFileType = sourcecode.c.h; path = MyJSHrefDemoViewController.h; sourceTree = "<group>"; };
		1A44AC7F1FB6E3D100B5DAC6 /* MyJSInjectionDemoViewController.h */ = {isa = PBXFileReference; fileEncoding = 4; lastKnownFileType = sourcecode.c.h; path = MyJSInjectionDemoViewController.h; sourceTree = "<group>"; };
		1A44AC801FB6E3D100B5DAC6 /* MyDynamicScriptDemoViewController.h */ = {isa = PBXFileReference; fileEncoding = 4; lastKnownFileType = sourcecode.c.h; path = MyDynamicScriptDemoViewController.h; sourceTree = "<group>"; };
		1A44AC811FB6E3D100B5DAC6 /* MyWebBaseViewController.m */ = {isa = PBXFileReference; fileEncoding = 4; lastKnownFileType = sourcecode.c.objc; path = MyWebBaseViewController.m; sourceTree = "<group>"; };
		1A44AC821FB6E3D100B5DAC6 /* MyJSInjectionTimeDemoViewController.m */ = {isa = PBXFileReference; fileEncoding = 4; lastKnownFileType = sourcecode.c.objc; path = MyJSInjectionTimeDemoViewController.m; sourceTree = "<group>"; };
		1A44AC831FB6E3D100B5DAC6 /* MyJSFunctionDemoViewController.m */ = {isa = PBXFileReference; fileEncoding = 4; lastKnownFileType = sourcecode.c.objc; path = MyJSFunctionDemoViewController.m; sourceTree = "<group>"; };
		1A44AC841FB6E3D100B5DAC6 /* MyJSMessageDemoViewController.m */ = {isa = PBXFileReference; fileEncoding = 4; lastKnownFileType = sourcecode.c.objc; path = MyJSMessageDemoViewController.m; sourceTree = "<group>"; };
		1A44AC871FB6E3D100B5DAC6 /* WKUserScript+ScriptURL.h */ = {isa = PBXFileReference; fileEncoding = 4; lastKnownFileType = sourcecode.c.h; path = "WKUserScript+ScriptURL.h"; sourceTree = "<group>"; };
		1A44AC8B1FB6E3D100B5DAC6 /* WKUserScript+ScriptURL.m */ = {isa = PBXFileReference; fileEncoding = 4; lastKnownFileType = sourcecode.c.objc; path = "WKUserScript+ScriptURL.m"; sourceTree = "<group>"; };
		1A44AC8D1FB6E3D100B5DAC6 /* js_function_demo.js */ = {isa = PBXFileReference; fileEncoding = 4; lastKnownFileType = sourcecode.javascript; path = js_function_demo.js; sourceTree = "<group>"; };
		1A44AC8E1FB6E3D100B5DAC6 /* js_href_demo.js */ = {isa = PBXFileReference; fileEncoding = 4; lastKnownFileType = sourcecode.javascript; path = js_href_demo.js; sourceTree = "<group>"; };
		1A44AC8F1FB6E3D100B5DAC6 /* js_message_demo.js */ = {isa = PBXFileReference; fileEncoding = 4; lastKnownFileType = sourcecode.javascript; path = js_message_demo.js; sourceTree = "<group>"; };
		1A44AC901FB6E3D100B5DAC6 /* js_injection_demo.js */ = {isa = PBXFileReference; fileEncoding = 4; lastKnownFileType = sourcecode.javascript; path = js_injection_demo.js; sourceTree = "<group>"; };
		1A44AC9F1FB6E41E00B5DAC6 /* WebAndScriptViewController.h */ = {isa = PBXFileReference; lastKnownFileType = sourcecode.c.h; path = WebAndScriptViewController.h; sourceTree = "<group>"; };
		1A44ACA01FB6E41E00B5DAC6 /* WebAndScriptViewController.m */ = {isa = PBXFileReference; lastKnownFileType = sourcecode.c.objc; path = WebAndScriptViewController.m; sourceTree = "<group>"; };
		1A44ACA21FB6E49700B5DAC6 /* WebDemoItem.h */ = {isa = PBXFileReference; lastKnownFileType = sourcecode.c.h; path = WebDemoItem.h; sourceTree = "<group>"; };
		1A44ACA31FB6E49700B5DAC6 /* WebDemoItem.m */ = {isa = PBXFileReference; lastKnownFileType = sourcecode.c.objc; path = WebDemoItem.m; sourceTree = "<group>"; };
		1A4F9FD91FC674F6001C5EDB /* MYSearchContainer.m */ = {isa = PBXFileReference; fileEncoding = 4; lastKnownFileType = sourcecode.c.objc; path = MYSearchContainer.m; sourceTree = "<group>"; };
		1A4F9FDA1FC674F6001C5EDB /* MYSearchViewController.h */ = {isa = PBXFileReference; fileEncoding = 4; lastKnownFileType = sourcecode.c.h; path = MYSearchViewController.h; sourceTree = "<group>"; };
		1A4F9FDB1FC674F6001C5EDB /* MYSearchViewController.m */ = {isa = PBXFileReference; fileEncoding = 4; lastKnownFileType = sourcecode.c.objc; path = MYSearchViewController.m; sourceTree = "<group>"; };
		1A4F9FDC1FC674F6001C5EDB /* MYSearchContainer.h */ = {isa = PBXFileReference; fileEncoding = 4; lastKnownFileType = sourcecode.c.h; path = MYSearchContainer.h; sourceTree = "<group>"; };
		1A4F9FDE1FC674F6001C5EDB /* MYMusicDetailViewController.m */ = {isa = PBXFileReference; fileEncoding = 4; lastKnownFileType = sourcecode.c.objc; path = MYMusicDetailViewController.m; sourceTree = "<group>"; };
		1A4F9FDF1FC674F6001C5EDB /* MYArtworkCardView.m */ = {isa = PBXFileReference; fileEncoding = 4; lastKnownFileType = sourcecode.c.objc; path = MYArtworkCardView.m; sourceTree = "<group>"; };
		1A4F9FE01FC674F6001C5EDB /* MYMusicDetailViewController.h */ = {isa = PBXFileReference; fileEncoding = 4; lastKnownFileType = sourcecode.c.h; path = MYMusicDetailViewController.h; sourceTree = "<group>"; };
		1A4F9FE11FC674F6001C5EDB /* MYArtworkCardView.h */ = {isa = PBXFileReference; fileEncoding = 4; lastKnownFileType = sourcecode.c.h; path = MYArtworkCardView.h; sourceTree = "<group>"; };
		1A4F9FE21FC674F6001C5EDB /* MYSearchBar.h */ = {isa = PBXFileReference; fileEncoding = 4; lastKnownFileType = sourcecode.c.h; path = MYSearchBar.h; sourceTree = "<group>"; };
		1A4F9FE41FC674F6001C5EDB /* MYSearchHeader.h */ = {isa = PBXFileReference; fileEncoding = 4; lastKnownFileType = sourcecode.c.h; path = MYSearchHeader.h; sourceTree = "<group>"; };
		1A4F9FE51FC674F6001C5EDB /* MYMusicBar.m */ = {isa = PBXFileReference; fileEncoding = 4; lastKnownFileType = sourcecode.c.objc; path = MYMusicBar.m; sourceTree = "<group>"; };
		1A4F9FE61FC674F6001C5EDB /* MYSearchTableViewComponents.h */ = {isa = PBXFileReference; fileEncoding = 4; lastKnownFileType = sourcecode.c.h; path = MYSearchTableViewComponents.h; sourceTree = "<group>"; };
		1A4F9FE71FC674F6001C5EDB /* MusicSearchListViewController+Navigation.m */ = {isa = PBXFileReference; fileEncoding = 4; lastKnownFileType = sourcecode.c.objc; path = "MusicSearchListViewController+Navigation.m"; sourceTree = "<group>"; };
		1A4F9FE81FC674F6001C5EDB /* MusicSearchListViewController.m */ = {isa = PBXFileReference; fileEncoding = 4; lastKnownFileType = sourcecode.c.objc; path = MusicSearchListViewController.m; sourceTree = "<group>"; };
		1A4F9FE91FC674F6001C5EDB /* search_results.txt */ = {isa = PBXFileReference; fileEncoding = 4; lastKnownFileType = text; path = search_results.txt; sourceTree = "<group>"; };
		1A4F9FEA1FC674F6001C5EDB /* MYTableCellMapper.m */ = {isa = PBXFileReference; fileEncoding = 4; lastKnownFileType = sourcecode.c.objc; path = MYTableCellMapper.m; sourceTree = "<group>"; };
		1A4F9FEB1FC674F6001C5EDB /* MusicSearchListViewController+Transition.m */ = {isa = PBXFileReference; fileEncoding = 4; lastKnownFileType = sourcecode.c.objc; path = "MusicSearchListViewController+Transition.m"; sourceTree = "<group>"; };
		1A4F9FEC1FC674F6001C5EDB /* MusicSearchListViewController.h */ = {isa = PBXFileReference; fileEncoding = 4; lastKnownFileType = sourcecode.c.h; path = MusicSearchListViewController.h; sourceTree = "<group>"; };
		1A4F9FED1FC674F6001C5EDB /* MusicSearchListViewController+Navigation.h */ = {isa = PBXFileReference; fileEncoding = 4; lastKnownFileType = sourcecode.c.h; path = "MusicSearchListViewController+Navigation.h"; sourceTree = "<group>"; };
		1A4F9FEE1FC674F6001C5EDB /* MYSearchTableViewComponents.m */ = {isa = PBXFileReference; fileEncoding = 4; lastKnownFileType = sourcecode.c.objc; path = MYSearchTableViewComponents.m; sourceTree = "<group>"; };
		1A4F9FEF1FC674F6001C5EDB /* MYMusicBar.h */ = {isa = PBXFileReference; fileEncoding = 4; lastKnownFileType = sourcecode.c.h; path = MYMusicBar.h; sourceTree = "<group>"; };
		1A4F9FF01FC674F6001C5EDB /* MYSearchHeader.m */ = {isa = PBXFileReference; fileEncoding = 4; lastKnownFileType = sourcecode.c.objc; path = MYSearchHeader.m; sourceTree = "<group>"; };
		1A4F9FF11FC674F6001C5EDB /* MusicSearchListViewController+Transition.h */ = {isa = PBXFileReference; fileEncoding = 4; lastKnownFileType = sourcecode.c.h; path = "MusicSearchListViewController+Transition.h"; sourceTree = "<group>"; };
		1A4F9FF21FC674F6001C5EDB /* MYTableCellMapper.h */ = {isa = PBXFileReference; fileEncoding = 4; lastKnownFileType = sourcecode.c.h; path = MYTableCellMapper.h; sourceTree = "<group>"; };
		1A4F9FF31FC674F6001C5EDB /* MYSearchConsts.h */ = {isa = PBXFileReference; fileEncoding = 4; lastKnownFileType = sourcecode.c.h; path = MYSearchConsts.h; sourceTree = "<group>"; };
		1A4F9FF41FC674F6001C5EDB /* MYSearchBar.m */ = {isa = PBXFileReference; fileEncoding = 4; lastKnownFileType = sourcecode.c.objc; path = MYSearchBar.m; sourceTree = "<group>"; };
		1A4F9FF61FC674F6001C5EDB /* MYMusicDetailTransitionAnimator.m */ = {isa = PBXFileReference; fileEncoding = 4; lastKnownFileType = sourcecode.c.objc; path = MYMusicDetailTransitionAnimator.m; sourceTree = "<group>"; };
		1A4F9FF71FC674F6001C5EDB /* MYSearchBarTransitionAnimator.h */ = {isa = PBXFileReference; fileEncoding = 4; lastKnownFileType = sourcecode.c.h; path = MYSearchBarTransitionAnimator.h; sourceTree = "<group>"; };
		1A4F9FF81FC674F6001C5EDB /* MYMusicDetailTransitionAnimator.h */ = {isa = PBXFileReference; fileEncoding = 4; lastKnownFileType = sourcecode.c.h; path = MYMusicDetailTransitionAnimator.h; sourceTree = "<group>"; };
		1A4F9FF91FC674F6001C5EDB /* MYSearchBarTransitionAnimator.m */ = {isa = PBXFileReference; fileEncoding = 4; lastKnownFileType = sourcecode.c.objc; path = MYSearchBarTransitionAnimator.m; sourceTree = "<group>"; };
		1A7CD8D61FADB394002F3DB3 /* MyLittleCraft.app */ = {isa = PBXFileReference; explicitFileType = wrapper.application; includeInIndex = 0; path = MyLittleCraft.app; sourceTree = BUILT_PRODUCTS_DIR; };
		1A7CD8D91FADB394002F3DB3 /* AppDelegate.h */ = {isa = PBXFileReference; lastKnownFileType = sourcecode.c.h; path = AppDelegate.h; sourceTree = "<group>"; };
		1A7CD8DA1FADB394002F3DB3 /* AppDelegate.m */ = {isa = PBXFileReference; lastKnownFileType = sourcecode.c.objc; path = AppDelegate.m; sourceTree = "<group>"; };
		1A7CD8DC1FADB394002F3DB3 /* ViewController.h */ = {isa = PBXFileReference; lastKnownFileType = sourcecode.c.h; path = ViewController.h; sourceTree = "<group>"; };
		1A7CD8DD1FADB394002F3DB3 /* ViewController.m */ = {isa = PBXFileReference; lastKnownFileType = sourcecode.c.objc; path = ViewController.m; sourceTree = "<group>"; };
		1A7CD8E21FADB394002F3DB3 /* Assets.xcassets */ = {isa = PBXFileReference; lastKnownFileType = folder.assetcatalog; path = Assets.xcassets; sourceTree = "<group>"; };
		1A7CD8E51FADB394002F3DB3 /* Base */ = {isa = PBXFileReference; lastKnownFileType = file.storyboard; name = Base; path = Base.lproj/LaunchScreen.storyboard; sourceTree = "<group>"; };
		1A7CD8E71FADB394002F3DB3 /* Info.plist */ = {isa = PBXFileReference; lastKnownFileType = text.plist.xml; path = Info.plist; sourceTree = "<group>"; };
		1A7CD8E81FADB394002F3DB3 /* main.m */ = {isa = PBXFileReference; lastKnownFileType = sourcecode.c.objc; path = main.m; sourceTree = "<group>"; };
		1A7CD8EE1FADB394002F3DB3 /* MyLittleCraftTests.xctest */ = {isa = PBXFileReference; explicitFileType = wrapper.cfbundle; includeInIndex = 0; path = MyLittleCraftTests.xctest; sourceTree = BUILT_PRODUCTS_DIR; };
		1A7CD8F21FADB394002F3DB3 /* MyLittleCraftTests.m */ = {isa = PBXFileReference; lastKnownFileType = sourcecode.c.objc; path = MyLittleCraftTests.m; sourceTree = "<group>"; };
		1A7CD8F41FADB394002F3DB3 /* Info.plist */ = {isa = PBXFileReference; lastKnownFileType = text.plist.xml; path = Info.plist; sourceTree = "<group>"; };
		1A7CD8F91FADB394002F3DB3 /* MyLittleCraftUITests.xctest */ = {isa = PBXFileReference; explicitFileType = wrapper.cfbundle; includeInIndex = 0; path = MyLittleCraftUITests.xctest; sourceTree = BUILT_PRODUCTS_DIR; };
		1A7CD8FD1FADB394002F3DB3 /* MyLittleCraftUITests.m */ = {isa = PBXFileReference; lastKnownFileType = sourcecode.c.objc; path = MyLittleCraftUITests.m; sourceTree = "<group>"; };
		1A7CD8FF1FADB394002F3DB3 /* Info.plist */ = {isa = PBXFileReference; lastKnownFileType = text.plist.xml; path = Info.plist; sourceTree = "<group>"; };
		1A7CD90C1FADB3D3002F3DB3 /* BelowHeaderRefreshingViewController.h */ = {isa = PBXFileReference; fileEncoding = 4; lastKnownFileType = sourcecode.c.h; path = BelowHeaderRefreshingViewController.h; sourceTree = "<group>"; };
		1A7CD90D1FADB3D3002F3DB3 /* BelowHeaderRefreshingViewController.m */ = {isa = PBXFileReference; fileEncoding = 4; lastKnownFileType = sourcecode.c.objc; path = BelowHeaderRefreshingViewController.m; sourceTree = "<group>"; };
		1A7CD90F1FADB803002F3DB3 /* README.md */ = {isa = PBXFileReference; fileEncoding = 4; lastKnownFileType = net.daringfireball.markdown; path = README.md; sourceTree = "<group>"; };
		1AB782E91FB33D08005F915E /* MultiTouchBoxViewController.h */ = {isa = PBXFileReference; lastKnownFileType = sourcecode.c.h; path = MultiTouchBoxViewController.h; sourceTree = "<group>"; };
		1AB782EA1FB33D08005F915E /* MultiTouchBoxViewController.m */ = {isa = PBXFileReference; lastKnownFileType = sourcecode.c.objc; path = MultiTouchBoxViewController.m; sourceTree = "<group>"; };
		1AB782EC1FB33DCA005F915E /* MYBoxView.h */ = {isa = PBXFileReference; lastKnownFileType = sourcecode.c.h; path = MYBoxView.h; sourceTree = "<group>"; };
		1AB782ED1FB33DCA005F915E /* MYBoxView.m */ = {isa = PBXFileReference; lastKnownFileType = sourcecode.c.objc; path = MYBoxView.m; sourceTree = "<group>"; };
		1AD5A73F1FB81F5F004CCFEB /* MotionCameraExt.h */ = {isa = PBXFileReference; lastKnownFileType = sourcecode.c.h; path = MotionCameraExt.h; sourceTree = "<group>"; };
		1AD5A7401FB81F5F004CCFEB /* MotionCameraExt.m */ = {isa = PBXFileReference; lastKnownFileType = sourcecode.c.objc; path = MotionCameraExt.m; sourceTree = "<group>"; };
		1AE086A31FB54E12005ACF58 /* MYBoxExt.h */ = {isa = PBXFileReference; lastKnownFileType = sourcecode.c.h; path = MYBoxExt.h; sourceTree = "<group>"; };
		1AE086A41FB54E12005ACF58 /* MYBoxExt.m */ = {isa = PBXFileReference; lastKnownFileType = sourcecode.c.objc; path = MYBoxExt.m; sourceTree = "<group>"; };
		1AE0A5511FC13E3900A961E2 /* UIColor+Random.h */ = {isa = PBXFileReference; lastKnownFileType = sourcecode.c.h; path = "UIColor+Random.h"; sourceTree = "<group>"; };
		1AE0A5521FC13E3900A961E2 /* UIColor+Random.m */ = {isa = PBXFileReference; lastKnownFileType = sourcecode.c.objc; path = "UIColor+Random.m"; sourceTree = "<group>"; };
		1AE0A5571FC1681A00A961E2 /* UIImage+Draw.h */ = {isa = PBXFileReference; lastKnownFileType = sourcecode.c.h; path = "UIImage+Draw.h"; sourceTree = "<group>"; };
		1AE0A5581FC1681A00A961E2 /* UIImage+Draw.m */ = {isa = PBXFileReference; lastKnownFileType = sourcecode.c.objc; path = "UIImage+Draw.m"; sourceTree = "<group>"; };
		1AE0A55A1FC171EA00A961E2 /* MYTintLabel.h */ = {isa = PBXFileReference; lastKnownFileType = sourcecode.c.h; path = MYTintLabel.h; sourceTree = "<group>"; };
		1AE0A55B1FC171EA00A961E2 /* MYTintLabel.m */ = {isa = PBXFileReference; lastKnownFileType = sourcecode.c.objc; path = MYTintLabel.m; sourceTree = "<group>"; };
		1AEC868C1FBE991400887777 /* MYNavigationController.h */ = {isa = PBXFileReference; fileEncoding = 4; lastKnownFileType = sourcecode.c.h; path = MYNavigationController.h; sourceTree = "<group>"; };
		1AEC868D1FBE991400887777 /* MYNavigationController.m */ = {isa = PBXFileReference; fileEncoding = 4; lastKnownFileType = sourcecode.c.objc; path = MYNavigationController.m; sourceTree = "<group>"; };
		1AEC86921FBE9A5E00887777 /* MYFullScreenPanGestureRecognizer.h */ = {isa = PBXFileReference; lastKnownFileType = sourcecode.c.h; path = MYFullScreenPanGestureRecognizer.h; sourceTree = "<group>"; };
		1AEC86931FBE9A5E00887777 /* MYFullScreenPanGestureRecognizer.m */ = {isa = PBXFileReference; lastKnownFileType = sourcecode.c.objc; path = MYFullScreenPanGestureRecognizer.m; sourceTree = "<group>"; };
		1AEC86951FBE9C6200887777 /* UITouch+MYLocation.h */ = {isa = PBXFileReference; lastKnownFileType = sourcecode.c.h; path = "UITouch+MYLocation.h"; sourceTree = "<group>"; };
		1AEC86961FBE9C6200887777 /* UITouch+MYLocation.m */ = {isa = PBXFileReference; lastKnownFileType = sourcecode.c.objc; path = "UITouch+MYLocation.m"; sourceTree = "<group>"; };
		1AEC86981FBE9D1A00887777 /* UIViewController+ShowAlert.h */ = {isa = PBXFileReference; fileEncoding = 4; lastKnownFileType = sourcecode.c.h; path = "UIViewController+ShowAlert.h"; sourceTree = "<group>"; };
		1AEC86991FBE9D1A00887777 /* UIView+Pin.m */ = {isa = PBXFileReference; fileEncoding = 4; lastKnownFileType = sourcecode.c.objc; path = "UIView+Pin.m"; sourceTree = "<group>"; };
		1AEC869A1FBE9D1A00887777 /* UIViewController+ShowAlert.m */ = {isa = PBXFileReference; fileEncoding = 4; lastKnownFileType = sourcecode.c.objc; path = "UIViewController+ShowAlert.m"; sourceTree = "<group>"; };
		1AEC869B1FBE9D1A00887777 /* UIView+Pin.h */ = {isa = PBXFileReference; fileEncoding = 4; lastKnownFileType = sourcecode.c.h; path = "UIView+Pin.h"; sourceTree = "<group>"; };
		1C7C7788819C07E13FC06325 /* Pods_MyLittleCraft.framework */ = {isa = PBXFileReference; explicitFileType = wrapper.framework; includeInIndex = 0; path = Pods_MyLittleCraft.framework; sourceTree = BUILT_PRODUCTS_DIR; };
		91A0FC391E89B7576C1E4EFF /* Pods-MyLittleCraft.release.xcconfig */ = {isa = PBXFileReference; includeInIndex = 1; lastKnownFileType = text.xcconfig; name = "Pods-MyLittleCraft.release.xcconfig"; path = "Pods/Target Support Files/Pods-MyLittleCraft/Pods-MyLittleCraft.release.xcconfig"; sourceTree = "<group>"; };
		FA94C94548872F443342CBE7 /* Pods-MyLittleCraft.debug.xcconfig */ = {isa = PBXFileReference; includeInIndex = 1; lastKnownFileType = text.xcconfig; name = "Pods-MyLittleCraft.debug.xcconfig"; path = "Pods/Target Support Files/Pods-MyLittleCraft/Pods-MyLittleCraft.debug.xcconfig"; sourceTree = "<group>"; };
/* End PBXFileReference section */

/* Begin PBXFrameworksBuildPhase section */
		1A7CD8D31FADB394002F3DB3 /* Frameworks */ = {
			isa = PBXFrameworksBuildPhase;
			buildActionMask = 2147483647;
			files = (
				439201AF65F1BE1B9101A858 /* Pods_MyLittleCraft.framework in Frameworks */,
			);
			runOnlyForDeploymentPostprocessing = 0;
		};
		1A7CD8EB1FADB394002F3DB3 /* Frameworks */ = {
			isa = PBXFrameworksBuildPhase;
			buildActionMask = 2147483647;
			files = (
			);
			runOnlyForDeploymentPostprocessing = 0;
		};
		1A7CD8F61FADB394002F3DB3 /* Frameworks */ = {
			isa = PBXFrameworksBuildPhase;
			buildActionMask = 2147483647;
			files = (
			);
			runOnlyForDeploymentPostprocessing = 0;
		};
/* End PBXFrameworksBuildPhase section */

/* Begin PBXGroup section */
		1A1C331B1FB946F400BFC66A /* SwipeDownKeyboard */ = {
			isa = PBXGroup;
			children = (
				1A1C331C1FB9477100BFC66A /* SwipeToDismissKeyboardViewController.h */,
				1A1C331D1FB9477100BFC66A /* SwipeToDismissKeyboardViewController.m */,
			);
			path = SwipeDownKeyboard;
			sourceTree = "<group>";
		};
		1A4269421FB6FAA000C2B1C2 /* MotionCamera */ = {
			isa = PBXGroup;
			children = (
				1A4269431FB6FB1C00C2B1C2 /* MotionCameraViewController.h */,
				1A4269441FB6FB1C00C2B1C2 /* MotionCameraViewController.m */,
				1A4269491FB6FCE600C2B1C2 /* MYCameraPreviewLayer.h */,
				1A42694A1FB6FCE600C2B1C2 /* MYCameraPreviewLayer.m */,
				1AD5A73F1FB81F5F004CCFEB /* MotionCameraExt.h */,
				1AD5A7401FB81F5F004CCFEB /* MotionCameraExt.m */,
			);
			path = MotionCamera;
			sourceTree = "<group>";
		};
		1A44AC741FB6E3D100B5DAC6 /* WebAndScript */ = {
			isa = PBXGroup;
			children = (
				1A44AC9F1FB6E41E00B5DAC6 /* WebAndScriptViewController.h */,
				1A44ACA01FB6E41E00B5DAC6 /* WebAndScriptViewController.m */,
				1A44ACA21FB6E49700B5DAC6 /* WebDemoItem.h */,
				1A44ACA31FB6E49700B5DAC6 /* WebDemoItem.m */,
				1A44AC751FB6E3D100B5DAC6 /* WebViewController */,
				1A44AC851FB6E3D100B5DAC6 /* Extensions */,
				1A44AC8C1FB6E3D100B5DAC6 /* ScriptResources */,
			);
			path = WebAndScript;
			sourceTree = "<group>";
		};
		1A44AC751FB6E3D100B5DAC6 /* WebViewController */ = {
			isa = PBXGroup;
			children = (
				1A44AC7B1FB6E3D100B5DAC6 /* WebViewControllerProtocol.h */,
				1A44AC7A1FB6E3D100B5DAC6 /* MyWebBaseViewController.h */,
				1A44AC811FB6E3D100B5DAC6 /* MyWebBaseViewController.m */,
				1A44AC7E1FB6E3D100B5DAC6 /* MyJSHrefDemoViewController.h */,
				1A44AC771FB6E3D100B5DAC6 /* MyJSHrefDemoViewController.m */,
				1A44AC7D1FB6E3D100B5DAC6 /* MyJSFunctionDemoViewController.h */,
				1A44AC831FB6E3D100B5DAC6 /* MyJSFunctionDemoViewController.m */,
				1A44AC7C1FB6E3D100B5DAC6 /* MyJSMessageDemoViewController.h */,
				1A44AC841FB6E3D100B5DAC6 /* MyJSMessageDemoViewController.m */,
				1A44AC7F1FB6E3D100B5DAC6 /* MyJSInjectionDemoViewController.h */,
				1A44AC761FB6E3D100B5DAC6 /* MyJSInjectionDemoViewController.m */,
				1A44AC791FB6E3D100B5DAC6 /* MyJSInjectionTimeDemoViewController.h */,
				1A44AC821FB6E3D100B5DAC6 /* MyJSInjectionTimeDemoViewController.m */,
				1A44AC801FB6E3D100B5DAC6 /* MyDynamicScriptDemoViewController.h */,
				1A44AC781FB6E3D100B5DAC6 /* MyDynamicScriptDemoViewController.m */,
			);
			path = WebViewController;
			sourceTree = "<group>";
		};
		1A44AC851FB6E3D100B5DAC6 /* Extensions */ = {
			isa = PBXGroup;
			children = (
				1A44AC871FB6E3D100B5DAC6 /* WKUserScript+ScriptURL.h */,
				1A44AC8B1FB6E3D100B5DAC6 /* WKUserScript+ScriptURL.m */,
			);
			path = Extensions;
			sourceTree = "<group>";
		};
		1A44AC8C1FB6E3D100B5DAC6 /* ScriptResources */ = {
			isa = PBXGroup;
			children = (
				1A44AC8D1FB6E3D100B5DAC6 /* js_function_demo.js */,
				1A44AC8E1FB6E3D100B5DAC6 /* js_href_demo.js */,
				1A44AC8F1FB6E3D100B5DAC6 /* js_message_demo.js */,
				1A44AC901FB6E3D100B5DAC6 /* js_injection_demo.js */,
			);
			path = ScriptResources;
			sourceTree = "<group>";
		};
		1A4F9FD71FC674F6001C5EDB /* MusicSearchList */ = {
			isa = PBXGroup;
			children = (
				1A4F9FD81FC674F6001C5EDB /* SearchPage */,
				1A4F9FDD1FC674F6001C5EDB /* CardPage */,
				1A4F9FE21FC674F6001C5EDB /* MYSearchBar.h */,
				1A4F9FE31FC674F6001C5EDB /* MainPage */,
				1A4F9FF31FC674F6001C5EDB /* MYSearchConsts.h */,
				1A4F9FF41FC674F6001C5EDB /* MYSearchBar.m */,
				1A4F9FF51FC674F6001C5EDB /* Transitions */,
			);
			path = MusicSearchList;
			sourceTree = "<group>";
		};
		1A4F9FD81FC674F6001C5EDB /* SearchPage */ = {
			isa = PBXGroup;
			children = (
				1A4F9FD91FC674F6001C5EDB /* MYSearchContainer.m */,
				1A4F9FDA1FC674F6001C5EDB /* MYSearchViewController.h */,
				1A4F9FDB1FC674F6001C5EDB /* MYSearchViewController.m */,
				1A4F9FDC1FC674F6001C5EDB /* MYSearchContainer.h */,
			);
			path = SearchPage;
			sourceTree = "<group>";
		};
		1A4F9FDD1FC674F6001C5EDB /* CardPage */ = {
			isa = PBXGroup;
			children = (
				1A4F9FDE1FC674F6001C5EDB /* MYMusicDetailViewController.m */,
				1A4F9FDF1FC674F6001C5EDB /* MYArtworkCardView.m */,
				1A4F9FE01FC674F6001C5EDB /* MYMusicDetailViewController.h */,
				1A4F9FE11FC674F6001C5EDB /* MYArtworkCardView.h */,
			);
			path = CardPage;
			sourceTree = "<group>";
		};
		1A4F9FE31FC674F6001C5EDB /* MainPage */ = {
			isa = PBXGroup;
			children = (
				1A4F9FE41FC674F6001C5EDB /* MYSearchHeader.h */,
				1A4F9FE51FC674F6001C5EDB /* MYMusicBar.m */,
				1A4F9FE61FC674F6001C5EDB /* MYSearchTableViewComponents.h */,
				1A4F9FE71FC674F6001C5EDB /* MusicSearchListViewController+Navigation.m */,
				1A4F9FE81FC674F6001C5EDB /* MusicSearchListViewController.m */,
				1A4F9FE91FC674F6001C5EDB /* search_results.txt */,
				1A4F9FEA1FC674F6001C5EDB /* MYTableCellMapper.m */,
				1A4F9FEB1FC674F6001C5EDB /* MusicSearchListViewController+Transition.m */,
				1A4F9FEC1FC674F6001C5EDB /* MusicSearchListViewController.h */,
				1A4F9FED1FC674F6001C5EDB /* MusicSearchListViewController+Navigation.h */,
				1A4F9FEE1FC674F6001C5EDB /* MYSearchTableViewComponents.m */,
				1A4F9FEF1FC674F6001C5EDB /* MYMusicBar.h */,
				1A4F9FF01FC674F6001C5EDB /* MYSearchHeader.m */,
				1A4F9FF11FC674F6001C5EDB /* MusicSearchListViewController+Transition.h */,
				1A4F9FF21FC674F6001C5EDB /* MYTableCellMapper.h */,
			);
			path = MainPage;
			sourceTree = "<group>";
		};
		1A4F9FF51FC674F6001C5EDB /* Transitions */ = {
			isa = PBXGroup;
			children = (
				1A4F9FF61FC674F6001C5EDB /* MYMusicDetailTransitionAnimator.m */,
				1A4F9FF71FC674F6001C5EDB /* MYSearchBarTransitionAnimator.h */,
				1A4F9FF81FC674F6001C5EDB /* MYMusicDetailTransitionAnimator.h */,
				1A4F9FF91FC674F6001C5EDB /* MYSearchBarTransitionAnimator.m */,
			);
			path = Transitions;
			sourceTree = "<group>";
		};
		1A7CD8CD1FADB394002F3DB3 = {
			isa = PBXGroup;
			children = (
				1A7CD90F1FADB803002F3DB3 /* README.md */,
				1A7CD8D81FADB394002F3DB3 /* MyLittleCraft */,
				1A7CD8F11FADB394002F3DB3 /* MyLittleCraftTests */,
				1A7CD8FC1FADB394002F3DB3 /* MyLittleCraftUITests */,
				1A7CD8D71FADB394002F3DB3 /* Products */,
				F76E29F5ACECC0F2CFA1BEF5 /* Pods */,
				7F2BBCFC3A4273E1AB285B22 /* Frameworks */,
			);
			sourceTree = "<group>";
		};
		1A7CD8D71FADB394002F3DB3 /* Products */ = {
			isa = PBXGroup;
			children = (
				1A7CD8D61FADB394002F3DB3 /* MyLittleCraft.app */,
				1A7CD8EE1FADB394002F3DB3 /* MyLittleCraftTests.xctest */,
				1A7CD8F91FADB394002F3DB3 /* MyLittleCraftUITests.xctest */,
			);
			name = Products;
			sourceTree = "<group>";
		};
		1A7CD8D81FADB394002F3DB3 /* MyLittleCraft */ = {
			isa = PBXGroup;
			children = (
				1A7CD8D91FADB394002F3DB3 /* AppDelegate.h */,
				1A7CD8DA1FADB394002F3DB3 /* AppDelegate.m */,
				1A7CD8DC1FADB394002F3DB3 /* ViewController.h */,
				1A7CD8DD1FADB394002F3DB3 /* ViewController.m */,
				1AEC868B1FBE98D100887777 /* Customize */,
				1A4F9FD71FC674F6001C5EDB /* MusicSearchList */,
				1A1C331B1FB946F400BFC66A /* SwipeDownKeyboard */,
				1A4269421FB6FAA000C2B1C2 /* MotionCamera */,
				1A7CD90B1FADB3D3002F3DB3 /* BelowHeaderRefreshing */,
				1AB782E81FB33CDF005F915E /* MultiTouchBox */,
				1A44AC741FB6E3D100B5DAC6 /* WebAndScript */,
				1A7CD8E21FADB394002F3DB3 /* Assets.xcassets */,
				1A7CD8E41FADB394002F3DB3 /* LaunchScreen.storyboard */,
				1A7CD8E71FADB394002F3DB3 /* Info.plist */,
				1A7CD8E81FADB394002F3DB3 /* main.m */,
			);
			path = MyLittleCraft;
			sourceTree = "<group>";
		};
		1A7CD8F11FADB394002F3DB3 /* MyLittleCraftTests */ = {
			isa = PBXGroup;
			children = (
				1A7CD8F21FADB394002F3DB3 /* MyLittleCraftTests.m */,
				1A7CD8F41FADB394002F3DB3 /* Info.plist */,
			);
			path = MyLittleCraftTests;
			sourceTree = "<group>";
		};
		1A7CD8FC1FADB394002F3DB3 /* MyLittleCraftUITests */ = {
			isa = PBXGroup;
			children = (
				1A7CD8FD1FADB394002F3DB3 /* MyLittleCraftUITests.m */,
				1A7CD8FF1FADB394002F3DB3 /* Info.plist */,
			);
			path = MyLittleCraftUITests;
			sourceTree = "<group>";
		};
		1A7CD90B1FADB3D3002F3DB3 /* BelowHeaderRefreshing */ = {
			isa = PBXGroup;
			children = (
				1A7CD90C1FADB3D3002F3DB3 /* BelowHeaderRefreshingViewController.h */,
				1A7CD90D1FADB3D3002F3DB3 /* BelowHeaderRefreshingViewController.m */,
			);
			path = BelowHeaderRefreshing;
			sourceTree = "<group>";
		};
		1AB782E81FB33CDF005F915E /* MultiTouchBox */ = {
			isa = PBXGroup;
			children = (
				1AB782E91FB33D08005F915E /* MultiTouchBoxViewController.h */,
				1AB782EA1FB33D08005F915E /* MultiTouchBoxViewController.m */,
				1AB782EC1FB33DCA005F915E /* MYBoxView.h */,
				1AB782ED1FB33DCA005F915E /* MYBoxView.m */,
				1AE086A31FB54E12005ACF58 /* MYBoxExt.h */,
				1AE086A41FB54E12005ACF58 /* MYBoxExt.m */,
			);
			path = MultiTouchBox;
			sourceTree = "<group>";
		};
		1AEC868B1FBE98D100887777 /* Customize */ = {
			isa = PBXGroup;
			children = (
				1AEC868C1FBE991400887777 /* MYNavigationController.h */,
				1AEC868D1FBE991400887777 /* MYNavigationController.m */,
				1AEC86981FBE9D1A00887777 /* UIViewController+ShowAlert.h */,
				1AEC869A1FBE9D1A00887777 /* UIViewController+ShowAlert.m */,
				1AEC869B1FBE9D1A00887777 /* UIView+Pin.h */,
				1AEC86991FBE9D1A00887777 /* UIView+Pin.m */,
				1AEC86951FBE9C6200887777 /* UITouch+MYLocation.h */,
				1AEC86961FBE9C6200887777 /* UITouch+MYLocation.m */,
				1AEC86921FBE9A5E00887777 /* MYFullScreenPanGestureRecognizer.h */,
				1AEC86931FBE9A5E00887777 /* MYFullScreenPanGestureRecognizer.m */,
				1AE0A5511FC13E3900A961E2 /* UIColor+Random.h */,
				1AE0A5521FC13E3900A961E2 /* UIColor+Random.m */,
				1AE0A5571FC1681A00A961E2 /* UIImage+Draw.h */,
				1AE0A5581FC1681A00A961E2 /* UIImage+Draw.m */,
				1AE0A55A1FC171EA00A961E2 /* MYTintLabel.h */,
				1AE0A55B1FC171EA00A961E2 /* MYTintLabel.m */,
			);
			path = Customize;
			sourceTree = "<group>";
		};
		7F2BBCFC3A4273E1AB285B22 /* Frameworks */ = {
			isa = PBXGroup;
			children = (
				1C7C7788819C07E13FC06325 /* Pods_MyLittleCraft.framework */,
			);
			name = Frameworks;
			sourceTree = "<group>";
		};
		F76E29F5ACECC0F2CFA1BEF5 /* Pods */ = {
			isa = PBXGroup;
			children = (
				FA94C94548872F443342CBE7 /* Pods-MyLittleCraft.debug.xcconfig */,
				91A0FC391E89B7576C1E4EFF /* Pods-MyLittleCraft.release.xcconfig */,
			);
			name = Pods;
			sourceTree = "<group>";
		};
/* End PBXGroup section */

/* Begin PBXNativeTarget section */
		1A7CD8D51FADB394002F3DB3 /* MyLittleCraft */ = {
			isa = PBXNativeTarget;
			buildConfigurationList = 1A7CD9021FADB394002F3DB3 /* Build configuration list for PBXNativeTarget "MyLittleCraft" */;
			buildPhases = (
				B31EE9B2F46DA41655768C9F /* [CP] Check Pods Manifest.lock */,
				1A7CD8D21FADB394002F3DB3 /* Sources */,
				1A7CD8D31FADB394002F3DB3 /* Frameworks */,
				1A7CD8D41FADB394002F3DB3 /* Resources */,
				C7EADC3C6F1277618D0A3413 /* [CP] Embed Pods Frameworks */,
				2F29BB2C6972700EDB1E058A /* [CP] Copy Pods Resources */,
			);
			buildRules = (
			);
			dependencies = (
			);
			name = MyLittleCraft;
			productName = MyLittleCraft;
			productReference = 1A7CD8D61FADB394002F3DB3 /* MyLittleCraft.app */;
			productType = "com.apple.product-type.application";
		};
		1A7CD8ED1FADB394002F3DB3 /* MyLittleCraftTests */ = {
			isa = PBXNativeTarget;
			buildConfigurationList = 1A7CD9051FADB394002F3DB3 /* Build configuration list for PBXNativeTarget "MyLittleCraftTests" */;
			buildPhases = (
				1A7CD8EA1FADB394002F3DB3 /* Sources */,
				1A7CD8EB1FADB394002F3DB3 /* Frameworks */,
				1A7CD8EC1FADB394002F3DB3 /* Resources */,
			);
			buildRules = (
			);
			dependencies = (
				1A7CD8F01FADB394002F3DB3 /* PBXTargetDependency */,
			);
			name = MyLittleCraftTests;
			productName = MyLittleCraftTests;
			productReference = 1A7CD8EE1FADB394002F3DB3 /* MyLittleCraftTests.xctest */;
			productType = "com.apple.product-type.bundle.unit-test";
		};
		1A7CD8F81FADB394002F3DB3 /* MyLittleCraftUITests */ = {
			isa = PBXNativeTarget;
			buildConfigurationList = 1A7CD9081FADB394002F3DB3 /* Build configuration list for PBXNativeTarget "MyLittleCraftUITests" */;
			buildPhases = (
				1A7CD8F51FADB394002F3DB3 /* Sources */,
				1A7CD8F61FADB394002F3DB3 /* Frameworks */,
				1A7CD8F71FADB394002F3DB3 /* Resources */,
			);
			buildRules = (
			);
			dependencies = (
				1A7CD8FB1FADB394002F3DB3 /* PBXTargetDependency */,
			);
			name = MyLittleCraftUITests;
			productName = MyLittleCraftUITests;
			productReference = 1A7CD8F91FADB394002F3DB3 /* MyLittleCraftUITests.xctest */;
			productType = "com.apple.product-type.bundle.ui-testing";
		};
/* End PBXNativeTarget section */

/* Begin PBXProject section */
		1A7CD8CE1FADB394002F3DB3 /* Project object */ = {
			isa = PBXProject;
			attributes = {
				LastUpgradeCheck = 0900;
				ORGANIZATIONNAME = huangkun;
				TargetAttributes = {
					1A7CD8D51FADB394002F3DB3 = {
						CreatedOnToolsVersion = 9.0.1;
						ProvisioningStyle = Automatic;
					};
					1A7CD8ED1FADB394002F3DB3 = {
						CreatedOnToolsVersion = 9.0.1;
						ProvisioningStyle = Automatic;
						TestTargetID = 1A7CD8D51FADB394002F3DB3;
					};
					1A7CD8F81FADB394002F3DB3 = {
						CreatedOnToolsVersion = 9.0.1;
						ProvisioningStyle = Automatic;
						TestTargetID = 1A7CD8D51FADB394002F3DB3;
					};
				};
			};
			buildConfigurationList = 1A7CD8D11FADB394002F3DB3 /* Build configuration list for PBXProject "MyLittleCraft" */;
			compatibilityVersion = "Xcode 8.0";
			developmentRegion = en;
			hasScannedForEncodings = 0;
			knownRegions = (
				en,
				Base,
			);
			mainGroup = 1A7CD8CD1FADB394002F3DB3;
			productRefGroup = 1A7CD8D71FADB394002F3DB3 /* Products */;
			projectDirPath = "";
			projectRoot = "";
			targets = (
				1A7CD8D51FADB394002F3DB3 /* MyLittleCraft */,
				1A7CD8ED1FADB394002F3DB3 /* MyLittleCraftTests */,
				1A7CD8F81FADB394002F3DB3 /* MyLittleCraftUITests */,
			);
		};
/* End PBXProject section */

/* Begin PBXResourcesBuildPhase section */
		1A7CD8D41FADB394002F3DB3 /* Resources */ = {
			isa = PBXResourcesBuildPhase;
			buildActionMask = 2147483647;
			files = (
				1A44AC9B1FB6E3D100B5DAC6 /* js_function_demo.js in Resources */,
				1A7CD9101FADB803002F3DB3 /* README.md in Resources */,
				1A44AC9E1FB6E3D100B5DAC6 /* js_injection_demo.js in Resources */,
				1A44AC9D1FB6E3D100B5DAC6 /* js_message_demo.js in Resources */,
				1A44AC9C1FB6E3D100B5DAC6 /* js_href_demo.js in Resources */,
				1A7CD8E61FADB394002F3DB3 /* LaunchScreen.storyboard in Resources */,
				1A7CD8E31FADB394002F3DB3 /* Assets.xcassets in Resources */,
				1A4FA0011FC674F6001C5EDB /* search_results.txt in Resources */,
			);
			runOnlyForDeploymentPostprocessing = 0;
		};
		1A7CD8EC1FADB394002F3DB3 /* Resources */ = {
			isa = PBXResourcesBuildPhase;
			buildActionMask = 2147483647;
			files = (
			);
			runOnlyForDeploymentPostprocessing = 0;
		};
		1A7CD8F71FADB394002F3DB3 /* Resources */ = {
			isa = PBXResourcesBuildPhase;
			buildActionMask = 2147483647;
			files = (
			);
			runOnlyForDeploymentPostprocessing = 0;
		};
/* End PBXResourcesBuildPhase section */

/* Begin PBXShellScriptBuildPhase section */
		2F29BB2C6972700EDB1E058A /* [CP] Copy Pods Resources */ = {
			isa = PBXShellScriptBuildPhase;
			buildActionMask = 2147483647;
			files = (
			);
			inputPaths = (
			);
			name = "[CP] Copy Pods Resources";
			outputPaths = (
			);
			runOnlyForDeploymentPostprocessing = 0;
			shellPath = /bin/sh;
			shellScript = "\"${SRCROOT}/Pods/Target Support Files/Pods-MyLittleCraft/Pods-MyLittleCraft-resources.sh\"\n";
			showEnvVarsInLog = 0;
		};
		B31EE9B2F46DA41655768C9F /* [CP] Check Pods Manifest.lock */ = {
			isa = PBXShellScriptBuildPhase;
			buildActionMask = 2147483647;
			files = (
			);
			inputPaths = (
				"${PODS_PODFILE_DIR_PATH}/Podfile.lock",
				"${PODS_ROOT}/Manifest.lock",
			);
			name = "[CP] Check Pods Manifest.lock";
			outputPaths = (
				"$(DERIVED_FILE_DIR)/Pods-MyLittleCraft-checkManifestLockResult.txt",
			);
			runOnlyForDeploymentPostprocessing = 0;
			shellPath = /bin/sh;
			shellScript = "diff \"${PODS_PODFILE_DIR_PATH}/Podfile.lock\" \"${PODS_ROOT}/Manifest.lock\" > /dev/null\nif [ $? != 0 ] ; then\n    # print error to STDERR\n    echo \"error: The sandbox is not in sync with the Podfile.lock. Run 'pod install' or update your CocoaPods installation.\" >&2\n    exit 1\nfi\n# This output is used by Xcode 'outputs' to avoid re-running this script phase.\necho \"SUCCESS\" > \"${SCRIPT_OUTPUT_FILE_0}\"\n";
			showEnvVarsInLog = 0;
		};
		C7EADC3C6F1277618D0A3413 /* [CP] Embed Pods Frameworks */ = {
			isa = PBXShellScriptBuildPhase;
			buildActionMask = 2147483647;
			files = (
			);
			inputPaths = (
				"${SRCROOT}/Pods/Target Support Files/Pods-MyLittleCraft/Pods-MyLittleCraft-frameworks.sh",
				"${BUILT_PRODUCTS_DIR}/MJRefresh/MJRefresh.framework",
			);
			name = "[CP] Embed Pods Frameworks";
			outputPaths = (
				"${TARGET_BUILD_DIR}/${FRAMEWORKS_FOLDER_PATH}/MJRefresh.framework",
			);
			runOnlyForDeploymentPostprocessing = 0;
			shellPath = /bin/sh;
			shellScript = "\"${SRCROOT}/Pods/Target Support Files/Pods-MyLittleCraft/Pods-MyLittleCraft-frameworks.sh\"\n";
			showEnvVarsInLog = 0;
		};
/* End PBXShellScriptBuildPhase section */

/* Begin PBXSourcesBuildPhase section */
		1A7CD8D21FADB394002F3DB3 /* Sources */ = {
			isa = PBXSourcesBuildPhase;
			buildActionMask = 2147483647;
			files = (
				1AB782EB1FB33D08005F915E /* MultiTouchBoxViewController.m in Sources */,
				1A4F9FFD1FC674F6001C5EDB /* MYArtworkCardView.m in Sources */,
				1A7CD8DE1FADB394002F3DB3 /* ViewController.m in Sources */,
				1A4F9FFB1FC674F6001C5EDB /* MYSearchViewController.m in Sources */,
				1A42694B1FB6FCE600C2B1C2 /* MYCameraPreviewLayer.m in Sources */,
				1A44AC961FB6E3D100B5DAC6 /* MyJSFunctionDemoViewController.m in Sources */,
				1A44ACA41FB6E49700B5DAC6 /* WebDemoItem.m in Sources */,
				1A4F9FFE1FC674F6001C5EDB /* MYMusicBar.m in Sources */,
				1AD5A7411FB81F5F004CCFEB /* MotionCameraExt.m in Sources */,
				1A44AC911FB6E3D100B5DAC6 /* MyJSInjectionDemoViewController.m in Sources */,
				1A44AC941FB6E3D100B5DAC6 /* MyWebBaseViewController.m in Sources */,
				1A7CD90E1FADB3D3002F3DB3 /* BelowHeaderRefreshingViewController.m in Sources */,
				1AEC868E1FBE991500887777 /* MYNavigationController.m in Sources */,
				1AEC86941FBE9A5E00887777 /* MYFullScreenPanGestureRecognizer.m in Sources */,
				1AE0A55C1FC171EA00A961E2 /* MYTintLabel.m in Sources */,
				1A4F9FFF1FC674F6001C5EDB /* MusicSearchListViewController+Navigation.m in Sources */,
				1A4FA0051FC674F6001C5EDB /* MYSearchHeader.m in Sources */,
				1A4FA0081FC674F6001C5EDB /* MYSearchBarTransitionAnimator.m in Sources */,
				1A4269451FB6FB1C00C2B1C2 /* MotionCameraViewController.m in Sources */,
				1A4FA0031FC674F6001C5EDB /* MusicSearchListViewController+Transition.m in Sources */,
				1A4FA0041FC674F6001C5EDB /* MYSearchTableViewComponents.m in Sources */,
				1AEC86971FBE9C6200887777 /* UITouch+MYLocation.m in Sources */,
				1AB782EE1FB33DCA005F915E /* MYBoxView.m in Sources */,
				1A4F9FFA1FC674F6001C5EDB /* MYSearchContainer.m in Sources */,
				1A4F9FFC1FC674F6001C5EDB /* MYMusicDetailViewController.m in Sources */,
				1A44AC9A1FB6E3D100B5DAC6 /* WKUserScript+ScriptURL.m in Sources */,
				1A7CD8E91FADB394002F3DB3 /* main.m in Sources */,
				1AE0A5591FC1681A00A961E2 /* UIImage+Draw.m in Sources */,
				1A4FA0021FC674F6001C5EDB /* MYTableCellMapper.m in Sources */,
				1A4FA0001FC674F6001C5EDB /* MusicSearchListViewController.m in Sources */,
				1AE0A5531FC13E3900A961E2 /* UIColor+Random.m in Sources */,
				1A4FA0071FC674F6001C5EDB /* MYMusicDetailTransitionAnimator.m in Sources */,
				1A44AC931FB6E3D100B5DAC6 /* MyDynamicScriptDemoViewController.m in Sources */,
				1A44AC921FB6E3D100B5DAC6 /* MyJSHrefDemoViewController.m in Sources */,
				1A1C331E1FB9477100BFC66A /* SwipeToDismissKeyboardViewController.m in Sources */,
				1A44AC971FB6E3D100B5DAC6 /* MyJSMessageDemoViewController.m in Sources */,
				1A44AC951FB6E3D100B5DAC6 /* MyJSInjectionTimeDemoViewController.m in Sources */,
				1AEC869C1FBE9D1A00887777 /* UIView+Pin.m in Sources */,
				1A44ACA11FB6E41E00B5DAC6 /* WebAndScriptViewController.m in Sources */,
				1AE086A51FB54E12005ACF58 /* MYBoxExt.m in Sources */,
				1AEC869D1FBE9D1A00887777 /* UIViewController+ShowAlert.m in Sources */,
				1A7CD8DB1FADB394002F3DB3 /* AppDelegate.m in Sources */,
				1A4FA0061FC674F6001C5EDB /* MYSearchBar.m in Sources */,
			);
			runOnlyForDeploymentPostprocessing = 0;
		};
		1A7CD8EA1FADB394002F3DB3 /* Sources */ = {
			isa = PBXSourcesBuildPhase;
			buildActionMask = 2147483647;
			files = (
				1A7CD8F31FADB394002F3DB3 /* MyLittleCraftTests.m in Sources */,
			);
			runOnlyForDeploymentPostprocessing = 0;
		};
		1A7CD8F51FADB394002F3DB3 /* Sources */ = {
			isa = PBXSourcesBuildPhase;
			buildActionMask = 2147483647;
			files = (
				1A7CD8FE1FADB394002F3DB3 /* MyLittleCraftUITests.m in Sources */,
			);
			runOnlyForDeploymentPostprocessing = 0;
		};
/* End PBXSourcesBuildPhase section */

/* Begin PBXTargetDependency section */
		1A7CD8F01FADB394002F3DB3 /* PBXTargetDependency */ = {
			isa = PBXTargetDependency;
			target = 1A7CD8D51FADB394002F3DB3 /* MyLittleCraft */;
			targetProxy = 1A7CD8EF1FADB394002F3DB3 /* PBXContainerItemProxy */;
		};
		1A7CD8FB1FADB394002F3DB3 /* PBXTargetDependency */ = {
			isa = PBXTargetDependency;
			target = 1A7CD8D51FADB394002F3DB3 /* MyLittleCraft */;
			targetProxy = 1A7CD8FA1FADB394002F3DB3 /* PBXContainerItemProxy */;
		};
/* End PBXTargetDependency section */

/* Begin PBXVariantGroup section */
		1A7CD8E41FADB394002F3DB3 /* LaunchScreen.storyboard */ = {
			isa = PBXVariantGroup;
			children = (
				1A7CD8E51FADB394002F3DB3 /* Base */,
			);
			name = LaunchScreen.storyboard;
			sourceTree = "<group>";
		};
/* End PBXVariantGroup section */

/* Begin XCBuildConfiguration section */
		1A7CD9001FADB394002F3DB3 /* Debug */ = {
			isa = XCBuildConfiguration;
			buildSettings = {
				ALWAYS_SEARCH_USER_PATHS = NO;
				CLANG_ANALYZER_NONNULL = YES;
				CLANG_ANALYZER_NUMBER_OBJECT_CONVERSION = YES_AGGRESSIVE;
				CLANG_CXX_LANGUAGE_STANDARD = "gnu++14";
				CLANG_CXX_LIBRARY = "libc++";
				CLANG_ENABLE_MODULES = YES;
				CLANG_ENABLE_OBJC_ARC = YES;
				CLANG_WARN_BLOCK_CAPTURE_AUTORELEASING = YES;
				CLANG_WARN_BOOL_CONVERSION = YES;
				CLANG_WARN_COMMA = YES;
				CLANG_WARN_CONSTANT_CONVERSION = YES;
				CLANG_WARN_DIRECT_OBJC_ISA_USAGE = YES_ERROR;
				CLANG_WARN_DOCUMENTATION_COMMENTS = YES;
				CLANG_WARN_EMPTY_BODY = YES;
				CLANG_WARN_ENUM_CONVERSION = YES;
				CLANG_WARN_INFINITE_RECURSION = YES;
				CLANG_WARN_INT_CONVERSION = YES;
				CLANG_WARN_NON_LITERAL_NULL_CONVERSION = YES;
				CLANG_WARN_OBJC_LITERAL_CONVERSION = YES;
				CLANG_WARN_OBJC_ROOT_CLASS = YES_ERROR;
				CLANG_WARN_RANGE_LOOP_ANALYSIS = YES;
				CLANG_WARN_STRICT_PROTOTYPES = YES;
				CLANG_WARN_SUSPICIOUS_MOVE = YES;
				CLANG_WARN_UNGUARDED_AVAILABILITY = YES_AGGRESSIVE;
				CLANG_WARN_UNREACHABLE_CODE = YES;
				CLANG_WARN__DUPLICATE_METHOD_MATCH = YES;
				CODE_SIGN_IDENTITY = "iPhone Developer";
				COPY_PHASE_STRIP = NO;
				DEBUG_INFORMATION_FORMAT = dwarf;
				ENABLE_STRICT_OBJC_MSGSEND = YES;
				ENABLE_TESTABILITY = YES;
				GCC_C_LANGUAGE_STANDARD = gnu11;
				GCC_DYNAMIC_NO_PIC = NO;
				GCC_NO_COMMON_BLOCKS = YES;
				GCC_OPTIMIZATION_LEVEL = 0;
				GCC_PREPROCESSOR_DEFINITIONS = (
					"DEBUG=1",
					"$(inherited)",
				);
				GCC_WARN_64_TO_32_BIT_CONVERSION = YES;
				GCC_WARN_ABOUT_RETURN_TYPE = YES_ERROR;
				GCC_WARN_UNDECLARED_SELECTOR = YES;
				GCC_WARN_UNINITIALIZED_AUTOS = YES_AGGRESSIVE;
				GCC_WARN_UNUSED_FUNCTION = YES;
				GCC_WARN_UNUSED_VARIABLE = YES;
				IPHONEOS_DEPLOYMENT_TARGET = 11.0;
				MTL_ENABLE_DEBUG_INFO = YES;
				ONLY_ACTIVE_ARCH = YES;
				SDKROOT = iphoneos;
			};
			name = Debug;
		};
		1A7CD9011FADB394002F3DB3 /* Release */ = {
			isa = XCBuildConfiguration;
			buildSettings = {
				ALWAYS_SEARCH_USER_PATHS = NO;
				CLANG_ANALYZER_NONNULL = YES;
				CLANG_ANALYZER_NUMBER_OBJECT_CONVERSION = YES_AGGRESSIVE;
				CLANG_CXX_LANGUAGE_STANDARD = "gnu++14";
				CLANG_CXX_LIBRARY = "libc++";
				CLANG_ENABLE_MODULES = YES;
				CLANG_ENABLE_OBJC_ARC = YES;
				CLANG_WARN_BLOCK_CAPTURE_AUTORELEASING = YES;
				CLANG_WARN_BOOL_CONVERSION = YES;
				CLANG_WARN_COMMA = YES;
				CLANG_WARN_CONSTANT_CONVERSION = YES;
				CLANG_WARN_DIRECT_OBJC_ISA_USAGE = YES_ERROR;
				CLANG_WARN_DOCUMENTATION_COMMENTS = YES;
				CLANG_WARN_EMPTY_BODY = YES;
				CLANG_WARN_ENUM_CONVERSION = YES;
				CLANG_WARN_INFINITE_RECURSION = YES;
				CLANG_WARN_INT_CONVERSION = YES;
				CLANG_WARN_NON_LITERAL_NULL_CONVERSION = YES;
				CLANG_WARN_OBJC_LITERAL_CONVERSION = YES;
				CLANG_WARN_OBJC_ROOT_CLASS = YES_ERROR;
				CLANG_WARN_RANGE_LOOP_ANALYSIS = YES;
				CLANG_WARN_STRICT_PROTOTYPES = YES;
				CLANG_WARN_SUSPICIOUS_MOVE = YES;
				CLANG_WARN_UNGUARDED_AVAILABILITY = YES_AGGRESSIVE;
				CLANG_WARN_UNREACHABLE_CODE = YES;
				CLANG_WARN__DUPLICATE_METHOD_MATCH = YES;
				CODE_SIGN_IDENTITY = "iPhone Developer";
				COPY_PHASE_STRIP = NO;
				DEBUG_INFORMATION_FORMAT = "dwarf-with-dsym";
				ENABLE_NS_ASSERTIONS = NO;
				ENABLE_STRICT_OBJC_MSGSEND = YES;
				GCC_C_LANGUAGE_STANDARD = gnu11;
				GCC_NO_COMMON_BLOCKS = YES;
				GCC_WARN_64_TO_32_BIT_CONVERSION = YES;
				GCC_WARN_ABOUT_RETURN_TYPE = YES_ERROR;
				GCC_WARN_UNDECLARED_SELECTOR = YES;
				GCC_WARN_UNINITIALIZED_AUTOS = YES_AGGRESSIVE;
				GCC_WARN_UNUSED_FUNCTION = YES;
				GCC_WARN_UNUSED_VARIABLE = YES;
				IPHONEOS_DEPLOYMENT_TARGET = 11.0;
				MTL_ENABLE_DEBUG_INFO = NO;
				SDKROOT = iphoneos;
				VALIDATE_PRODUCT = YES;
			};
			name = Release;
		};
		1A7CD9031FADB394002F3DB3 /* Debug */ = {
			isa = XCBuildConfiguration;
			baseConfigurationReference = FA94C94548872F443342CBE7 /* Pods-MyLittleCraft.debug.xcconfig */;
			buildSettings = {
				ASSETCATALOG_COMPILER_APPICON_NAME = AppIcon;
				CODE_SIGN_STYLE = Automatic;
				DEVELOPMENT_TEAM = CD76TM5QAC;
				INFOPLIST_FILE = MyLittleCraft/Info.plist;
				IPHONEOS_DEPLOYMENT_TARGET = 9.0;
				LD_RUNPATH_SEARCH_PATHS = "$(inherited) @executable_path/Frameworks";
				PRODUCT_BUNDLE_IDENTIFIER = com.huangkun.MyLittleCraft;
				PRODUCT_NAME = "$(TARGET_NAME)";
				TARGETED_DEVICE_FAMILY = "1,2";
			};
			name = Debug;
		};
		1A7CD9041FADB394002F3DB3 /* Release */ = {
			isa = XCBuildConfiguration;
			baseConfigurationReference = 91A0FC391E89B7576C1E4EFF /* Pods-MyLittleCraft.release.xcconfig */;
			buildSettings = {
				ASSETCATALOG_COMPILER_APPICON_NAME = AppIcon;
				CODE_SIGN_STYLE = Automatic;
				DEVELOPMENT_TEAM = CD76TM5QAC;
				INFOPLIST_FILE = MyLittleCraft/Info.plist;
				IPHONEOS_DEPLOYMENT_TARGET = 9.0;
				LD_RUNPATH_SEARCH_PATHS = "$(inherited) @executable_path/Frameworks";
				PRODUCT_BUNDLE_IDENTIFIER = com.huangkun.MyLittleCraft;
				PRODUCT_NAME = "$(TARGET_NAME)";
				TARGETED_DEVICE_FAMILY = "1,2";
			};
			name = Release;
		};
		1A7CD9061FADB394002F3DB3 /* Debug */ = {
			isa = XCBuildConfiguration;
			buildSettings = {
				BUNDLE_LOADER = "$(TEST_HOST)";
				CODE_SIGN_STYLE = Automatic;
				DEVELOPMENT_TEAM = CD76TM5QAC;
				INFOPLIST_FILE = MyLittleCraftTests/Info.plist;
				LD_RUNPATH_SEARCH_PATHS = "$(inherited) @executable_path/Frameworks @loader_path/Frameworks";
				PRODUCT_BUNDLE_IDENTIFIER = com.huangkun.MyLittleCraftTests;
				PRODUCT_NAME = "$(TARGET_NAME)";
				TARGETED_DEVICE_FAMILY = "1,2";
				TEST_HOST = "$(BUILT_PRODUCTS_DIR)/MyLittleCraft.app/MyLittleCraft";
			};
			name = Debug;
		};
		1A7CD9071FADB394002F3DB3 /* Release */ = {
			isa = XCBuildConfiguration;
			buildSettings = {
				BUNDLE_LOADER = "$(TEST_HOST)";
				CODE_SIGN_STYLE = Automatic;
				DEVELOPMENT_TEAM = CD76TM5QAC;
				INFOPLIST_FILE = MyLittleCraftTests/Info.plist;
				LD_RUNPATH_SEARCH_PATHS = "$(inherited) @executable_path/Frameworks @loader_path/Frameworks";
				PRODUCT_BUNDLE_IDENTIFIER = com.huangkun.MyLittleCraftTests;
				PRODUCT_NAME = "$(TARGET_NAME)";
				TARGETED_DEVICE_FAMILY = "1,2";
				TEST_HOST = "$(BUILT_PRODUCTS_DIR)/MyLittleCraft.app/MyLittleCraft";
			};
			name = Release;
		};
		1A7CD9091FADB394002F3DB3 /* Debug */ = {
			isa = XCBuildConfiguration;
			buildSettings = {
				CODE_SIGN_STYLE = Automatic;
				DEVELOPMENT_TEAM = CD76TM5QAC;
				INFOPLIST_FILE = MyLittleCraftUITests/Info.plist;
				LD_RUNPATH_SEARCH_PATHS = "$(inherited) @executable_path/Frameworks @loader_path/Frameworks";
				PRODUCT_BUNDLE_IDENTIFIER = com.huangkun.MyLittleCraftUITests;
				PRODUCT_NAME = "$(TARGET_NAME)";
				TARGETED_DEVICE_FAMILY = "1,2";
				TEST_TARGET_NAME = MyLittleCraft;
			};
			name = Debug;
		};
		1A7CD90A1FADB394002F3DB3 /* Release */ = {
			isa = XCBuildConfiguration;
			buildSettings = {
				CODE_SIGN_STYLE = Automatic;
				DEVELOPMENT_TEAM = CD76TM5QAC;
				INFOPLIST_FILE = MyLittleCraftUITests/Info.plist;
				LD_RUNPATH_SEARCH_PATHS = "$(inherited) @executable_path/Frameworks @loader_path/Frameworks";
				PRODUCT_BUNDLE_IDENTIFIER = com.huangkun.MyLittleCraftUITests;
				PRODUCT_NAME = "$(TARGET_NAME)";
				TARGETED_DEVICE_FAMILY = "1,2";
				TEST_TARGET_NAME = MyLittleCraft;
			};
			name = Release;
		};
/* End XCBuildConfiguration section */

/* Begin XCConfigurationList section */
		1A7CD8D11FADB394002F3DB3 /* Build configuration list for PBXProject "MyLittleCraft" */ = {
			isa = XCConfigurationList;
			buildConfigurations = (
				1A7CD9001FADB394002F3DB3 /* Debug */,
				1A7CD9011FADB394002F3DB3 /* Release */,
			);
			defaultConfigurationIsVisible = 0;
			defaultConfigurationName = Release;
		};
		1A7CD9021FADB394002F3DB3 /* Build configuration list for PBXNativeTarget "MyLittleCraft" */ = {
			isa = XCConfigurationList;
			buildConfigurations = (
				1A7CD9031FADB394002F3DB3 /* Debug */,
				1A7CD9041FADB394002F3DB3 /* Release */,
			);
			defaultConfigurationIsVisible = 0;
			defaultConfigurationName = Release;
		};
		1A7CD9051FADB394002F3DB3 /* Build configuration list for PBXNativeTarget "MyLittleCraftTests" */ = {
			isa = XCConfigurationList;
			buildConfigurations = (
				1A7CD9061FADB394002F3DB3 /* Debug */,
				1A7CD9071FADB394002F3DB3 /* Release */,
			);
			defaultConfigurationIsVisible = 0;
			defaultConfigurationName = Release;
		};
		1A7CD9081FADB394002F3DB3 /* Build configuration list for PBXNativeTarget "MyLittleCraftUITests" */ = {
			isa = XCConfigurationList;
			buildConfigurations = (
				1A7CD9091FADB394002F3DB3 /* Debug */,
				1A7CD90A1FADB394002F3DB3 /* Release */,
			);
			defaultConfigurationIsVisible = 0;
			defaultConfigurationName = Release;
		};
/* End XCConfigurationList section */
	};
	rootObject = 1A7CD8CE1FADB394002F3DB3 /* Project object */;
}
